
Microsoft Visual Studio Solution File, Format Version 12.00
# Visual Studio 2013
VisualStudioVersion = 12.0.20623.1 VSUPREVIEW
MinimumVisualStudioVersion = 10.0.40219.1
Project("{2150E333-8FDC-42A3-9474-1A3956D46DE8}") = "Infrastructure", "Infrastructure", "{4B5C1D85-DAC2-448B-BB9A-E74B05EE567A}"
EndProject
Project("{2150E333-8FDC-42A3-9474-1A3956D46DE8}") = "Data", "Data", "{6CFBDBBB-40C5-4516-83D2-E144D393786D}"
EndProject
Project("{2150E333-8FDC-42A3-9474-1A3956D46DE8}") = "Domain", "Domain", "{16696758-80CD-4A2B-9FF2-29194CCAF373}"
EndProject
Project("{2150E333-8FDC-42A3-9474-1A3956D46DE8}") = "Seedwork", "Seedwork", "{C9A4A97D-DBF6-4359-B5E0-B8F1E5E0BEA0}"
EndProject
Project("{2150E333-8FDC-42A3-9474-1A3956D46DE8}") = "MainBoundedContext", "MainBoundedContext", "{691C2CBE-445D-4515-977A-A2C02BBD663C}"
EndProject
Project("{FAE04EC0-301F-11D3-BF4B-00C04F79EFBC}") = "Domain.MainBoundedContext", "Domain.MainBoundedContext\Domain.MainBoundedContext.csproj", "{99A7EA7E-0621-414A-9173-D65304597D88}"
EndProject
Project("{FAE04EC0-301F-11D3-BF4B-00C04F79EFBC}") = "Domain.Seedwork", "Domain.Seedwork\Domain.Seedwork.csproj", "{11C0B9B3-8F77-4C23-A8D8-0FC30BFDE3E8}"
EndProject
Project("{2150E333-8FDC-42A3-9474-1A3956D46DE8}") = "Database", "Database", "{FD05E14A-F916-4B32-82F8-64900C3858F2}"
EndProject
Project("{00D1A9C2-B5F0-4AF3-8072-F6C62B433612}") = "GuitarStore", "Database\GuitarStore.sqlproj", "{3FD182EA-22DD-4B63-AD1F-2FFE14626E59}"
EndProject
Project("{2150E333-8FDC-42A3-9474-1A3956D46DE8}") = "Seedwork", "Seedwork", "{D55CE779-9DEC-472C-A4E6-2D83841E68AC}"
EndProject
Project("{FAE04EC0-301F-11D3-BF4B-00C04F79EFBC}") = "Infrastructure.Data.Seedwork", "Infrastructure.Data.Seedwork\Infrastructure.Data.Seedwork.csproj", "{17A15CB6-FC99-4D66-8613-E4177D5304A8}"
EndProject
Project("{2150E333-8FDC-42A3-9474-1A3956D46DE8}") = "MainBoundedContext", "MainBoundedContext", "{51EAAABC-BDCF-4D1D-BB6A-56425F6133ED}"
EndProject
Project("{FAE04EC0-301F-11D3-BF4B-00C04F79EFBC}") = "Infrastructure.Data.MainBoundedContext", "Infrastructure.Data.MainBoundedContext\Infrastructure.Data.MainBoundedContext.csproj", "{85D14763-364F-4F43-A946-237F2ED8DBA7}"
EndProject
Project("{FAE04EC0-301F-11D3-BF4B-00C04F79EFBC}") = "Infrastructure.Data.MainBoundedContext.Tests", "Infrastructure.Data.MainBoundedContext.Tests\Infrastructure.Data.MainBoundedContext.Tests.csproj", "{DF6E7036-AF1A-44F3-A736-9DB243EF3E3B}"
EndProject
Project("{2150E333-8FDC-42A3-9474-1A3956D46DE8}") = "CrossCutting", "CrossCutting", "{0C4DCC22-8EF7-4EEC-B57C-EDE4960FA77A}"
EndProject
Project("{2150E333-8FDC-42A3-9474-1A3956D46DE8}") = "Seedwork", "Seedwork", "{F48635F3-8BBA-47E7-870A-204DD143E1E4}"
EndProject
Project("{FAE04EC0-301F-11D3-BF4B-00C04F79EFBC}") = "Infrustructure.Crosscutting", "Infrustructure.Crosscutting\Infrustructure.Crosscutting.csproj", "{7C932DB8-B9C0-4F52-B1CC-E273B3C3755C}"
EndProject
Project("{2150E333-8FDC-42A3-9474-1A3956D46DE8}") = "Application", "Application", "{E3ADF7B3-D7CA-4CF1-BF49-8FA674FBFE70}"
EndProject
Project("{2150E333-8FDC-42A3-9474-1A3956D46DE8}") = "Layers", "Layers", "{2C811880-DF35-43DE-9E7F-B329CAE7CC96}"
EndProject
Project("{FAE04EC0-301F-11D3-BF4B-00C04F79EFBC}") = "Application.MainBoundedContext.DTO", "Application.MainBoundedContext.DTO\Application.MainBoundedContext.DTO.csproj", "{0522CCFD-99D0-4414-8E08-7E63BD604BEA}"
EndProject
Project("{FAE04EC0-301F-11D3-BF4B-00C04F79EFBC}") = "Application.MainBoundedContext", "Application.MainBoundedContext\Application.MainBoundedContext.csproj", "{E5514B93-7CA5-4356-8036-3D8DA4CB9242}"
EndProject
Project("{FAE04EC0-301F-11D3-BF4B-00C04F79EFBC}") = "Application.MainBoundedContext.Tests", "Application.MainBoundedContext.Tests\Application.MainBoundedContext.Tests.csproj", "{7ECB9E4B-86F5-4BBA-92BC-525B32AA55E4}"
EndProject
Project("{FAE04EC0-301F-11D3-BF4B-00C04F79EFBC}") = "Application.Seedwork", "Application.Seedwork\Application.Seedwork.csproj", "{BDD93D0E-17C7-4CCE-89AE-23DEAB6DC30E}"
EndProject
Project("{2150E333-8FDC-42A3-9474-1A3956D46DE8}") = "MainBoundedContext", "MainBoundedContext", "{B37D0DA9-B8C2-4CCF-9F04-75E59A8FE048}"
EndProject
Project("{2150E333-8FDC-42A3-9474-1A3956D46DE8}") = "Seedwork", "Seedwork", "{AB3B5892-9120-4887-9A2D-B2EA604A75A0}"
EndProject
Project("{FAE04EC0-301F-11D3-BF4B-00C04F79EFBC}") = "Infrastructure.Crosscutting.Framework", "Infrastructure.Crosscutting.Framework\Infrastructure.Crosscutting.Framework.csproj", "{1EA6F8CC-CC3B-4365-AC58-827E90A612A3}"
EndProject
Project("{2150E333-8FDC-42A3-9474-1A3956D46DE8}") = "Presentation", "Presentation", "{17429CB7-3F50-48B6-9005-879965DCABFF}"
EndProject
Project("{2150E333-8FDC-42A3-9474-1A3956D46DE8}") = "Seedwork", "Seedwork", "{649E353A-8598-4FC5-B580-FFE61A94A4DC}"
EndProject
Project("{FAE04EC0-301F-11D3-BF4B-00C04F79EFBC}") = "Presentation.Seedwork", "Presentation.Seedwork\Presentation.Seedwork.csproj", "{AA1BF487-A11A-4679-BF2A-9D084FC0FD0F}"
EndProject
Project("{FAE04EC0-301F-11D3-BF4B-00C04F79EFBC}") = "Presentation.WebUI", "Presentation.WebUI\Presentation.WebUI.csproj", "{8625D7A8-CB11-4CB2-A577-FBA015DC38F4}"
EndProject
Project("{FAE04EC0-301F-11D3-BF4B-00C04F79EFBC}") = "Presentation.WebUI.Tests", "Presentation.WebUI.Tests\Presentation.WebUI.Tests.csproj", "{D1AA25AE-9F01-40EE-978F-A8A9DBFFE05F}"
EndProject
Global
	GlobalSection(SolutionConfigurationPlatforms) = preSolution
		Debug|Any CPU = Debug|Any CPU
		Release|Any CPU = Release|Any CPU
	EndGlobalSection
	GlobalSection(ProjectConfigurationPlatforms) = postSolution
		{99A7EA7E-0621-414A-9173-D65304597D88}.Debug|Any CPU.ActiveCfg = Debug|Any CPU
		{99A7EA7E-0621-414A-9173-D65304597D88}.Debug|Any CPU.Build.0 = Debug|Any CPU
		{99A7EA7E-0621-414A-9173-D65304597D88}.Release|Any CPU.ActiveCfg = Release|Any CPU
		{99A7EA7E-0621-414A-9173-D65304597D88}.Release|Any CPU.Build.0 = Release|Any CPU
		{11C0B9B3-8F77-4C23-A8D8-0FC30BFDE3E8}.Debug|Any CPU.ActiveCfg = Debug|Any CPU
		{11C0B9B3-8F77-4C23-A8D8-0FC30BFDE3E8}.Debug|Any CPU.Build.0 = Debug|Any CPU
		{11C0B9B3-8F77-4C23-A8D8-0FC30BFDE3E8}.Release|Any CPU.ActiveCfg = Release|Any CPU
		{11C0B9B3-8F77-4C23-A8D8-0FC30BFDE3E8}.Release|Any CPU.Build.0 = Release|Any CPU
		{3FD182EA-22DD-4B63-AD1F-2FFE14626E59}.Debug|Any CPU.ActiveCfg = Debug|Any CPU
		{3FD182EA-22DD-4B63-AD1F-2FFE14626E59}.Debug|Any CPU.Build.0 = Debug|Any CPU
		{3FD182EA-22DD-4B63-AD1F-2FFE14626E59}.Debug|Any CPU.Deploy.0 = Debug|Any CPU
		{3FD182EA-22DD-4B63-AD1F-2FFE14626E59}.Release|Any CPU.ActiveCfg = Release|Any CPU
		{3FD182EA-22DD-4B63-AD1F-2FFE14626E59}.Release|Any CPU.Build.0 = Release|Any CPU
		{3FD182EA-22DD-4B63-AD1F-2FFE14626E59}.Release|Any CPU.Deploy.0 = Release|Any CPU
		{17A15CB6-FC99-4D66-8613-E4177D5304A8}.Debug|Any CPU.ActiveCfg = Debug|Any CPU
		{17A15CB6-FC99-4D66-8613-E4177D5304A8}.Debug|Any CPU.Build.0 = Debug|Any CPU
		{17A15CB6-FC99-4D66-8613-E4177D5304A8}.Release|Any CPU.ActiveCfg = Release|Any CPU
		{17A15CB6-FC99-4D66-8613-E4177D5304A8}.Release|Any CPU.Build.0 = Release|Any CPU
		{85D14763-364F-4F43-A946-237F2ED8DBA7}.Debug|Any CPU.ActiveCfg = Debug|Any CPU
		{85D14763-364F-4F43-A946-237F2ED8DBA7}.Debug|Any CPU.Build.0 = Debug|Any CPU
		{85D14763-364F-4F43-A946-237F2ED8DBA7}.Release|Any CPU.ActiveCfg = Release|Any CPU
		{85D14763-364F-4F43-A946-237F2ED8DBA7}.Release|Any CPU.Build.0 = Release|Any CPU
		{DF6E7036-AF1A-44F3-A736-9DB243EF3E3B}.Debug|Any CPU.ActiveCfg = Debug|Any CPU
		{DF6E7036-AF1A-44F3-A736-9DB243EF3E3B}.Debug|Any CPU.Build.0 = Debug|Any CPU
		{DF6E7036-AF1A-44F3-A736-9DB243EF3E3B}.Release|Any CPU.ActiveCfg = Release|Any CPU
		{DF6E7036-AF1A-44F3-A736-9DB243EF3E3B}.Release|Any CPU.Build.0 = Release|Any CPU
		{7C932DB8-B9C0-4F52-B1CC-E273B3C3755C}.Debug|Any CPU.ActiveCfg = Debug|Any CPU
		{7C932DB8-B9C0-4F52-B1CC-E273B3C3755C}.Debug|Any CPU.Build.0 = Debug|Any CPU
		{7C932DB8-B9C0-4F52-B1CC-E273B3C3755C}.Release|Any CPU.ActiveCfg = Release|Any CPU
		{7C932DB8-B9C0-4F52-B1CC-E273B3C3755C}.Release|Any CPU.Build.0 = Release|Any CPU
		{0522CCFD-99D0-4414-8E08-7E63BD604BEA}.Debug|Any CPU.ActiveCfg = Debug|Any CPU
		{0522CCFD-99D0-4414-8E08-7E63BD604BEA}.Debug|Any CPU.Build.0 = Debug|Any CPU
		{0522CCFD-99D0-4414-8E08-7E63BD604BEA}.Release|Any CPU.ActiveCfg = Release|Any CPU
		{0522CCFD-99D0-4414-8E08-7E63BD604BEA}.Release|Any CPU.Build.0 = Release|Any CPU
		{E5514B93-7CA5-4356-8036-3D8DA4CB9242}.Debug|Any CPU.ActiveCfg = Debug|Any CPU
		{E5514B93-7CA5-4356-8036-3D8DA4CB9242}.Debug|Any CPU.Build.0 = Debug|Any CPU
		{E5514B93-7CA5-4356-8036-3D8DA4CB9242}.Release|Any CPU.ActiveCfg = Release|Any CPU
		{E5514B93-7CA5-4356-8036-3D8DA4CB9242}.Release|Any CPU.Build.0 = Release|Any CPU
		{7ECB9E4B-86F5-4BBA-92BC-525B32AA55E4}.Debug|Any CPU.ActiveCfg = Debug|Any CPU
		{7ECB9E4B-86F5-4BBA-92BC-525B32AA55E4}.Debug|Any CPU.Build.0 = Debug|Any CPU
		{7ECB9E4B-86F5-4BBA-92BC-525B32AA55E4}.Release|Any CPU.ActiveCfg = Release|Any CPU
		{7ECB9E4B-86F5-4BBA-92BC-525B32AA55E4}.Release|Any CPU.Build.0 = Release|Any CPU
		{BDD93D0E-17C7-4CCE-89AE-23DEAB6DC30E}.Debug|Any CPU.ActiveCfg = Debug|Any CPU
		{BDD93D0E-17C7-4CCE-89AE-23DEAB6DC30E}.Debug|Any CPU.Build.0 = Debug|Any CPU
		{BDD93D0E-17C7-4CCE-89AE-23DEAB6DC30E}.Release|Any CPU.ActiveCfg = Release|Any CPU
		{BDD93D0E-17C7-4CCE-89AE-23DEAB6DC30E}.Release|Any CPU.Build.0 = Release|Any CPU
		{1EA6F8CC-CC3B-4365-AC58-827E90A612A3}.Debug|Any CPU.ActiveCfg = Debug|Any CPU
		{1EA6F8CC-CC3B-4365-AC58-827E90A612A3}.Debug|Any CPU.Build.0 = Debug|Any CPU
		{1EA6F8CC-CC3B-4365-AC58-827E90A612A3}.Release|Any CPU.ActiveCfg = Release|Any CPU
		{1EA6F8CC-CC3B-4365-AC58-827E90A612A3}.Release|Any CPU.Build.0 = Release|Any CPU
		{AA1BF487-A11A-4679-BF2A-9D084FC0FD0F}.Debug|Any CPU.ActiveCfg = Debug|Any CPU
		{AA1BF487-A11A-4679-BF2A-9D084FC0FD0F}.Debug|Any CPU.Build.0 = Debug|Any CPU
		{AA1BF487-A11A-4679-BF2A-9D084FC0FD0F}.Release|Any CPU.ActiveCfg = Release|Any CPU
		{AA1BF487-A11A-4679-BF2A-9D084FC0FD0F}.Release|Any CPU.Build.0 = Release|Any CPU
		{8625D7A8-CB11-4CB2-A577-FBA015DC38F4}.Debug|Any CPU.ActiveCfg = Debug|Any CPU
		{8625D7A8-CB11-4CB2-A577-FBA015DC38F4}.Debug|Any CPU.Build.0 = Debug|Any CPU
		{8625D7A8-CB11-4CB2-A577-FBA015DC38F4}.Release|Any CPU.ActiveCfg = Release|Any CPU
		{8625D7A8-CB11-4CB2-A577-FBA015DC38F4}.Release|Any CPU.Build.0 = Release|Any CPU
		{D1AA25AE-9F01-40EE-978F-A8A9DBFFE05F}.Debug|Any CPU.ActiveCfg = Debug|Any CPU
		{D1AA25AE-9F01-40EE-978F-A8A9DBFFE05F}.Debug|Any CPU.Build.0 = Debug|Any CPU
		{D1AA25AE-9F01-40EE-978F-A8A9DBFFE05F}.Release|Any CPU.ActiveCfg = Release|Any CPU
		{D1AA25AE-9F01-40EE-978F-A8A9DBFFE05F}.Release|Any CPU.Build.0 = Release|Any CPU
	EndGlobalSection
	GlobalSection(SolutionProperties) = preSolution
		HideSolutionNode = FALSE
	EndGlobalSection
	GlobalSection(NestedProjects) = preSolution
		{4B5C1D85-DAC2-448B-BB9A-E74B05EE567A} = {2C811880-DF35-43DE-9E7F-B329CAE7CC96}
		{16696758-80CD-4A2B-9FF2-29194CCAF373} = {2C811880-DF35-43DE-9E7F-B329CAE7CC96}
		{E3ADF7B3-D7CA-4CF1-BF49-8FA674FBFE70} = {2C811880-DF35-43DE-9E7F-B329CAE7CC96}
		{17429CB7-3F50-48B6-9005-879965DCABFF} = {2C811880-DF35-43DE-9E7F-B329CAE7CC96}
		{6CFBDBBB-40C5-4516-83D2-E144D393786D} = {4B5C1D85-DAC2-448B-BB9A-E74B05EE567A}
		{0C4DCC22-8EF7-4EEC-B57C-EDE4960FA77A} = {4B5C1D85-DAC2-448B-BB9A-E74B05EE567A}
		{C9A4A97D-DBF6-4359-B5E0-B8F1E5E0BEA0} = {16696758-80CD-4A2B-9FF2-29194CCAF373}
		{691C2CBE-445D-4515-977A-A2C02BBD663C} = {16696758-80CD-4A2B-9FF2-29194CCAF373}
		{11C0B9B3-8F77-4C23-A8D8-0FC30BFDE3E8} = {C9A4A97D-DBF6-4359-B5E0-B8F1E5E0BEA0}
		{99A7EA7E-0621-414A-9173-D65304597D88} = {691C2CBE-445D-4515-977A-A2C02BBD663C}
		{3FD182EA-22DD-4B63-AD1F-2FFE14626E59} = {FD05E14A-F916-4B32-82F8-64900C3858F2}
		{D55CE779-9DEC-472C-A4E6-2D83841E68AC} = {6CFBDBBB-40C5-4516-83D2-E144D393786D}
		{51EAAABC-BDCF-4D1D-BB6A-56425F6133ED} = {6CFBDBBB-40C5-4516-83D2-E144D393786D}
		{17A15CB6-FC99-4D66-8613-E4177D5304A8} = {D55CE779-9DEC-472C-A4E6-2D83841E68AC}
		{85D14763-364F-4F43-A946-237F2ED8DBA7} = {51EAAABC-BDCF-4D1D-BB6A-56425F6133ED}
		{DF6E7036-AF1A-44F3-A736-9DB243EF3E3B} = {51EAAABC-BDCF-4D1D-BB6A-56425F6133ED}
		{F48635F3-8BBA-47E7-870A-204DD143E1E4} = {0C4DCC22-8EF7-4EEC-B57C-EDE4960FA77A}
		{7C932DB8-B9C0-4F52-B1CC-E273B3C3755C} = {F48635F3-8BBA-47E7-870A-204DD143E1E4}
		{1EA6F8CC-CC3B-4365-AC58-827E90A612A3} = {F48635F3-8BBA-47E7-870A-204DD143E1E4}
		{B37D0DA9-B8C2-4CCF-9F04-75E59A8FE048} = {E3ADF7B3-D7CA-4CF1-BF49-8FA674FBFE70}
		{AB3B5892-9120-4887-9A2D-B2EA604A75A0} = {E3ADF7B3-D7CA-4CF1-BF49-8FA674FBFE70}
		{E5514B93-7CA5-4356-8036-3D8DA4CB9242} = {B37D0DA9-B8C2-4CCF-9F04-75E59A8FE048}
		{7ECB9E4B-86F5-4BBA-92BC-525B32AA55E4} = {B37D0DA9-B8C2-4CCF-9F04-75E59A8FE048}
		{0522CCFD-99D0-4414-8E08-7E63BD604BEA} = {B37D0DA9-B8C2-4CCF-9F04-75E59A8FE048}
		{BDD93D0E-17C7-4CCE-89AE-23DEAB6DC30E} = {AB3B5892-9120-4887-9A2D-B2EA604A75A0}
		{649E353A-8598-4FC5-B580-FFE61A94A4DC} = {17429CB7-3F50-48B6-9005-879965DCABFF}
		{8625D7A8-CB11-4CB2-A577-FBA015DC38F4} = {17429CB7-3F50-48B6-9005-879965DCABFF}
		{D1AA25AE-9F01-40EE-978F-A8A9DBFFE05F} = {17429CB7-3F50-48B6-9005-879965DCABFF}
		{AA1BF487-A11A-4679-BF2A-9D084FC0FD0F} = {649E353A-8598-4FC5-B580-FFE61A94A4DC}
	EndGlobalSection
EndGlobal
